// !$*UTF8*$!
{
	archiveVersion = 1;
	classes = {
	};
	objectVersion = 46;
	objects = {

/* Begin PBXBuildFile section */
		4E6C1EF71D75585900F55721 /* config.h in Headers */ = {isa = PBXBuildFile; fileRef = 4E6C1EDA1D75585900F55721 /* config.h */; };
		4E6C1EF81D75585900F55721 /* CapsFDCEmulator.cpp in Sources */ = {isa = PBXBuildFile; fileRef = 4E6C1EDB1D75585900F55721 /* CapsFDCEmulator.cpp */; };
		4E6C1EF91D75585900F55721 /* stdafx.h in Headers */ = {isa = PBXBuildFile; fileRef = 4E6C1EDC1D75585900F55721 /* stdafx.h */; };
		4E6C1EFA1D75585900F55721 /* stdafx.cpp in Sources */ = {isa = PBXBuildFile; fileRef = 4E6C1EDD1D75585900F55721 /* stdafx.cpp */; };
		4E6C1EFB1D75585900F55721 /* CapsImageStd.cpp in Sources */ = {isa = PBXBuildFile; fileRef = 4E6C1EDE1D75585900F55721 /* CapsImageStd.cpp */; };
		4E6C1EFC1D75585900F55721 /* CapsImageStd.h in Headers */ = {isa = PBXBuildFile; fileRef = 4E6C1EDF1D75585900F55721 /* CapsImageStd.h */; };
		4E6C1EFD1D75585900F55721 /* CapsAPI.cpp in Sources */ = {isa = PBXBuildFile; fileRef = 4E6C1EE01D75585900F55721 /* CapsAPI.cpp */; };
		4E6C1EFE1D75585900F55721 /* CapsImage.cpp in Sources */ = {isa = PBXBuildFile; fileRef = 4E6C1EE11D75585900F55721 /* CapsImage.cpp */; };
		4E6C1EFF1D75585900F55721 /* CapsImage.h in Headers */ = {isa = PBXBuildFile; fileRef = 4E6C1EE21D75585900F55721 /* CapsImage.h */; };
		4E6C1F001D75585900F55721 /* DiskImageFactory.h in Headers */ = {isa = PBXBuildFile; fileRef = 4E6C1EE31D75585900F55721 /* DiskImageFactory.h */; };
		4E6C1F011D75585900F55721 /* DiskImage.h in Headers */ = {isa = PBXBuildFile; fileRef = 4E6C1EE41D75585900F55721 /* DiskImage.h */; };
		4E6C1F021D75585900F55721 /* CapsCore.h in Headers */ = {isa = PBXBuildFile; fileRef = 4E6C1EE51D75585900F55721 /* CapsCore.h */; };
		4E6C1F031D75585900F55721 /* StreamCueImage.cpp in Sources */ = {isa = PBXBuildFile; fileRef = 4E6C1EE61D75585900F55721 /* StreamCueImage.cpp */; };
		4E6C1F041D75585900F55721 /* DiskImageFactory.cpp in Sources */ = {isa = PBXBuildFile; fileRef = 4E6C1EE71D75585900F55721 /* DiskImageFactory.cpp */; };
		4E6C1F051D75585900F55721 /* StreamCueImage.h in Headers */ = {isa = PBXBuildFile; fileRef = 4E6C1EE81D75585900F55721 /* StreamCueImage.h */; };
		4E6C1F061D75585900F55721 /* StreamImage.h in Headers */ = {isa = PBXBuildFile; fileRef = 4E6C1EE91D75585900F55721 /* StreamImage.h */; };
		4E6C1F071D75585900F55721 /* StreamImage.cpp in Sources */ = {isa = PBXBuildFile; fileRef = 4E6C1EEA1D75585900F55721 /* StreamImage.cpp */; };
		4E6C1F081D75585900F55721 /* DiskImage.cpp in Sources */ = {isa = PBXBuildFile; fileRef = 4E6C1EEB1D75585900F55721 /* DiskImage.cpp */; };
		4E6C1F091D75585900F55721 /* CapsFile.cpp in Sources */ = {isa = PBXBuildFile; fileRef = 4E6C1EEC1D75585900F55721 /* CapsFile.cpp */; };
		4E6C1F0A1D75585900F55721 /* CapsLoader.h in Headers */ = {isa = PBXBuildFile; fileRef = 4E6C1EED1D75585900F55721 /* CapsLoader.h */; };
		4E6C1F0B1D75585900F55721 /* CapsFile.h in Headers */ = {isa = PBXBuildFile; fileRef = 4E6C1EEE1D75585900F55721 /* CapsFile.h */; };
		4E6C1F0C1D75585900F55721 /* resource.h in Headers */ = {isa = PBXBuildFile; fileRef = 4E6C1EEF1D75585900F55721 /* resource.h */; };
		4E6C1F0E1D75585900F55721 /* CapsLoader.cpp in Sources */ = {isa = PBXBuildFile; fileRef = 4E6C1EF11D75585900F55721 /* CapsLoader.cpp */; };
		4E6C1F0F1D75585900F55721 /* CapsFormatMFM.cpp in Sources */ = {isa = PBXBuildFile; fileRef = 4E6C1EF21D75585900F55721 /* CapsFormatMFM.cpp */; };
		4E6C1F101D75585900F55721 /* CapsFormatMFM.h in Headers */ = {isa = PBXBuildFile; fileRef = 4E6C1EF31D75585900F55721 /* CapsFormatMFM.h */; };
		4E6C1F111D75585900F55721 /* CapsFDCEmulator.h in Headers */ = {isa = PBXBuildFile; fileRef = 4E6C1EF41D75585900F55721 /* CapsFDCEmulator.h */; };
		4E6C1F121D75585900F55721 /* CAPSImg.cpp in Sources */ = {isa = PBXBuildFile; fileRef = 4E6C1EF51D75585900F55721 /* CAPSImg.cpp */; };
		4E6C1F131D75585900F55721 /* targetver.h in Headers */ = {isa = PBXBuildFile; fileRef = 4E6C1EF61D75585900F55721 /* targetver.h */; };
		4E6C1F1F1D7558C200F55721 /* CommonTypes.h in Headers */ = {isa = PBXBuildFile; fileRef = 4E6C1F141D7558C200F55721 /* CommonTypes.h */; settings = {ATTRIBUTES = (Public, ); }; };
		4E6C1F201D7558C200F55721 /* DiskFile.cpp in Sources */ = {isa = PBXBuildFile; fileRef = 4E6C1F151D7558C200F55721 /* DiskFile.cpp */; };
		4E6C1F211D7558C200F55721 /* BitBuffer.cpp in Sources */ = {isa = PBXBuildFile; fileRef = 4E6C1F161D7558C200F55721 /* BitBuffer.cpp */; };
		4E6C1F221D7558C200F55721 /* MemoryFile.cpp in Sources */ = {isa = PBXBuildFile; fileRef = 4E6C1F171D7558C200F55721 /* MemoryFile.cpp */; };
		4E6C1F231D7558C200F55721 /* BitBuffer.h in Headers */ = {isa = PBXBuildFile; fileRef = 4E6C1F181D7558C200F55721 /* BitBuffer.h */; };
		4E6C1F241D7558C200F55721 /* DiskFile.h in Headers */ = {isa = PBXBuildFile; fileRef = 4E6C1F191D7558C200F55721 /* DiskFile.h */; };
		4E6C1F251D7558C200F55721 /* MemoryFile.h in Headers */ = {isa = PBXBuildFile; fileRef = 4E6C1F1A1D7558C200F55721 /* MemoryFile.h */; };
		4E6C1F261D7558C200F55721 /* BaseFile.h in Headers */ = {isa = PBXBuildFile; fileRef = 4E6C1F1B1D7558C200F55721 /* BaseFile.h */; };
		4E6C1F271D7558C200F55721 /* BaseFile.cpp in Sources */ = {isa = PBXBuildFile; fileRef = 4E6C1F1C1D7558C200F55721 /* BaseFile.cpp */; };
		4E6C1F281D7558C200F55721 /* CRC.cpp in Sources */ = {isa = PBXBuildFile; fileRef = 4E6C1F1D1D7558C200F55721 /* CRC.cpp */; };
		4E6C1F291D7558C200F55721 /* CRC.h in Headers */ = {isa = PBXBuildFile; fileRef = 4E6C1F1E1D7558C200F55721 /* CRC.h */; };
		4E6C1F301D7558D900F55721 /* CTRawCodecDecompressor.cpp in Sources */ = {isa = PBXBuildFile; fileRef = 4E6C1F2A1D7558D900F55721 /* CTRawCodecDecompressor.cpp */; };
		4E6C1F311D7558D900F55721 /* CTRawCodec.cpp in Sources */ = {isa = PBXBuildFile; fileRef = 4E6C1F2B1D7558D900F55721 /* CTRawCodec.cpp */; };
		4E6C1F321D7558D900F55721 /* CTRawCodec.h in Headers */ = {isa = PBXBuildFile; fileRef = 4E6C1F2C1D7558D900F55721 /* CTRawCodec.h */; };
		4E6C1F331D7558D900F55721 /* CapsDefinitions.h in Headers */ = {isa = PBXBuildFile; fileRef = 4E6C1F2D1D7558D900F55721 /* CapsDefinitions.h */; };
		4E6C1F341D7558D900F55721 /* DiskEncoding.h in Headers */ = {isa = PBXBuildFile; fileRef = 4E6C1F2E1D7558D900F55721 /* DiskEncoding.h */; };
		4E6C1F351D7558D900F55721 /* DiskEncoding.cpp in Sources */ = {isa = PBXBuildFile; fileRef = 4E6C1F2F1D7558D900F55721 /* DiskEncoding.cpp */; };
		4E6C1F3D1D7558E700F55721 /* ComLib.h in Headers */ = {isa = PBXBuildFile; fileRef = 4E6C1F361D7558E700F55721 /* ComLib.h */; settings = {ATTRIBUTES = (Public, ); }; };
		4E6C1F3E1D7558E700F55721 /* CapsLib.h in Headers */ = {isa = PBXBuildFile; fileRef = 4E6C1F371D7558E700F55721 /* CapsLib.h */; settings = {ATTRIBUTES = (Public, ); }; };
		4E6C1F3F1D7558E700F55721 /* CapsFDC.h in Headers */ = {isa = PBXBuildFile; fileRef = 4E6C1F381D7558E700F55721 /* CapsFDC.h */; settings = {ATTRIBUTES = (Public, ); }; };
		4E6C1F401D7558E700F55721 /* CapsLibAll.h in Headers */ = {isa = PBXBuildFile; fileRef = 4E6C1F391D7558E700F55721 /* CapsLibAll.h */; settings = {ATTRIBUTES = (Public, ); }; };
		4E6C1F411D7558E700F55721 /* CapsLibVersion.h in Headers */ = {isa = PBXBuildFile; fileRef = 4E6C1F3A1D7558E700F55721 /* CapsLibVersion.h */; settings = {ATTRIBUTES = (Public, ); }; };
		4E6C1F421D7558E700F55721 /* CapsAPI.h in Headers */ = {isa = PBXBuildFile; fileRef = 4E6C1F3B1D7558E700F55721 /* CapsAPI.h */; settings = {ATTRIBUTES = (Public, ); }; };
		4E6C1F431D7558E700F55721 /* CapsForm.h in Headers */ = {isa = PBXBuildFile; fileRef = 4E6C1F3C1D7558E700F55721 /* CapsForm.h */; settings = {ATTRIBUTES = (Public, ); }; };
		4E6C1F451D75591800F55721 /* C2Comm.h in Headers */ = {isa = PBXBuildFile; fileRef = 4E6C1F441D75591800F55721 /* C2Comm.h */; };
/* End PBXBuildFile section */

/* Begin PBXFileReference section */
		4E6C1ECF1D75581500F55721 /* CAPSImage.framework */ = {isa = PBXFileReference; explicitFileType = wrapper.framework; includeInIndex = 0; path = CAPSImage.framework; sourceTree = BUILT_PRODUCTS_DIR; };
		4E6C1ED41D75581500F55721 /* Info.plist */ = {isa = PBXFileReference; lastKnownFileType = text.plist.xml; path = Info.plist; sourceTree = "<group>"; };
		4E6C1EDA1D75585900F55721 /* config.h */ = {isa = PBXFileReference; fileEncoding = 4; lastKnownFileType = sourcecode.c.h; name = config.h; path = ../../CAPSImg/config.h; sourceTree = "<group>"; };
		4E6C1EDB1D75585900F55721 /* CapsFDCEmulator.cpp */ = {isa = PBXFileReference; fileEncoding = 4; lastKnownFileType = sourcecode.cpp.cpp; name = CapsFDCEmulator.cpp; path = ../../CAPSImg/CapsFDCEmulator.cpp; sourceTree = "<group>"; };
		4E6C1EDC1D75585900F55721 /* stdafx.h */ = {isa = PBXFileReference; fileEncoding = 4; lastKnownFileType = sourcecode.c.h; name = stdafx.h; path = ../../CAPSImg/stdafx.h; sourceTree = "<group>"; };
		4E6C1EDD1D75585900F55721 /* stdafx.cpp */ = {isa = PBXFileReference; fileEncoding = 4; lastKnownFileType = sourcecode.cpp.cpp; name = stdafx.cpp; path = ../../CAPSImg/stdafx.cpp; sourceTree = "<group>"; };
		4E6C1EDE1D75585900F55721 /* CapsImageStd.cpp */ = {isa = PBXFileReference; fileEncoding = 4; lastKnownFileType = sourcecode.cpp.cpp; name = CapsImageStd.cpp; path = ../../CAPSImg/CapsImageStd.cpp; sourceTree = "<group>"; };
		4E6C1EDF1D75585900F55721 /* CapsImageStd.h */ = {isa = PBXFileReference; fileEncoding = 4; lastKnownFileType = sourcecode.c.h; name = CapsImageStd.h; path = ../../CAPSImg/CapsImageStd.h; sourceTree = "<group>"; };
		4E6C1EE01D75585900F55721 /* CapsAPI.cpp */ = {isa = PBXFileReference; fileEncoding = 4; lastKnownFileType = sourcecode.cpp.cpp; name = CapsAPI.cpp; path = ../../CAPSImg/CapsAPI.cpp; sourceTree = "<group>"; };
		4E6C1EE11D75585900F55721 /* CapsImage.cpp */ = {isa = PBXFileReference; fileEncoding = 4; lastKnownFileType = sourcecode.cpp.cpp; name = CapsImage.cpp; path = ../../CAPSImg/CapsImage.cpp; sourceTree = "<group>"; };
		4E6C1EE21D75585900F55721 /* CapsImage.h */ = {isa = PBXFileReference; fileEncoding = 4; lastKnownFileType = sourcecode.c.h; name = CapsImage.h; path = ../../CAPSImg/CapsImage.h; sourceTree = "<group>"; };
		4E6C1EE31D75585900F55721 /* DiskImageFactory.h */ = {isa = PBXFileReference; fileEncoding = 4; lastKnownFileType = sourcecode.c.h; name = DiskImageFactory.h; path = ../../CAPSImg/DiskImageFactory.h; sourceTree = "<group>"; };
		4E6C1EE41D75585900F55721 /* DiskImage.h */ = {isa = PBXFileReference; fileEncoding = 4; lastKnownFileType = sourcecode.c.h; name = DiskImage.h; path = ../../CAPSImg/DiskImage.h; sourceTree = "<group>"; };
		4E6C1EE51D75585900F55721 /* CapsCore.h */ = {isa = PBXFileReference; fileEncoding = 4; lastKnownFileType = sourcecode.c.h; name = CapsCore.h; path = ../../CAPSImg/CapsCore.h; sourceTree = "<group>"; };
		4E6C1EE61D75585900F55721 /* StreamCueImage.cpp */ = {isa = PBXFileReference; fileEncoding = 4; lastKnownFileType = sourcecode.cpp.cpp; name = StreamCueImage.cpp; path = ../../CAPSImg/StreamCueImage.cpp; sourceTree = "<group>"; };
		4E6C1EE71D75585900F55721 /* DiskImageFactory.cpp */ = {isa = PBXFileReference; fileEncoding = 4; lastKnownFileType = sourcecode.cpp.cpp; name = DiskImageFactory.cpp; path = ../../CAPSImg/DiskImageFactory.cpp; sourceTree = "<group>"; };
		4E6C1EE81D75585900F55721 /* StreamCueImage.h */ = {isa = PBXFileReference; fileEncoding = 4; lastKnownFileType = sourcecode.c.h; name = StreamCueImage.h; path = ../../CAPSImg/StreamCueImage.h; sourceTree = "<group>"; };
		4E6C1EE91D75585900F55721 /* StreamImage.h */ = {isa = PBXFileReference; fileEncoding = 4; lastKnownFileType = sourcecode.c.h; name = StreamImage.h; path = ../../CAPSImg/StreamImage.h; sourceTree = "<group>"; };
		4E6C1EEA1D75585900F55721 /* StreamImage.cpp */ = {isa = PBXFileReference; fileEncoding = 4; lastKnownFileType = sourcecode.cpp.cpp; name = StreamImage.cpp; path = ../../CAPSImg/StreamImage.cpp; sourceTree = "<group>"; };
		4E6C1EEB1D75585900F55721 /* DiskImage.cpp */ = {isa = PBXFileReference; fileEncoding = 4; lastKnownFileType = sourcecode.cpp.cpp; name = DiskImage.cpp; path = ../../CAPSImg/DiskImage.cpp; sourceTree = "<group>"; };
		4E6C1EEC1D75585900F55721 /* CapsFile.cpp */ = {isa = PBXFileReference; fileEncoding = 4; lastKnownFileType = sourcecode.cpp.cpp; name = CapsFile.cpp; path = ../../CAPSImg/CapsFile.cpp; sourceTree = "<group>"; };
		4E6C1EED1D75585900F55721 /* CapsLoader.h */ = {isa = PBXFileReference; fileEncoding = 4; lastKnownFileType = sourcecode.c.h; name = CapsLoader.h; path = ../../CAPSImg/CapsLoader.h; sourceTree = "<group>"; };
		4E6C1EEE1D75585900F55721 /* CapsFile.h */ = {isa = PBXFileReference; fileEncoding = 4; lastKnownFileType = sourcecode.c.h; name = CapsFile.h; path = ../../CAPSImg/CapsFile.h; sourceTree = "<group>"; };
		4E6C1EEF1D75585900F55721 /* resource.h */ = {isa = PBXFileReference; fileEncoding = 4; lastKnownFileType = sourcecode.c.h; name = resource.h; path = ../../CAPSImg/resource.h; sourceTree = "<group>"; };
		4E6C1EF11D75585900F55721 /* CapsLoader.cpp */ = {isa = PBXFileReference; fileEncoding = 4; lastKnownFileType = sourcecode.cpp.cpp; name = CapsLoader.cpp; path = ../../CAPSImg/CapsLoader.cpp; sourceTree = "<group>"; };
		4E6C1EF21D75585900F55721 /* CapsFormatMFM.cpp */ = {isa = PBXFileReference; fileEncoding = 4; lastKnownFileType = sourcecode.cpp.cpp; name = CapsFormatMFM.cpp; path = ../../CAPSImg/CapsFormatMFM.cpp; sourceTree = "<group>"; };
		4E6C1EF31D75585900F55721 /* CapsFormatMFM.h */ = {isa = PBXFileReference; fileEncoding = 4; lastKnownFileType = sourcecode.c.h; name = CapsFormatMFM.h; path = ../../CAPSImg/CapsFormatMFM.h; sourceTree = "<group>"; };
		4E6C1EF41D75585900F55721 /* CapsFDCEmulator.h */ = {isa = PBXFileReference; fileEncoding = 4; lastKnownFileType = sourcecode.c.h; name = CapsFDCEmulator.h; path = ../../CAPSImg/CapsFDCEmulator.h; sourceTree = "<group>"; };
		4E6C1EF51D75585900F55721 /* CAPSImg.cpp */ = {isa = PBXFileReference; fileEncoding = 4; lastKnownFileType = sourcecode.cpp.cpp; name = CAPSImg.cpp; path = ../../CAPSImg/CAPSImg.cpp; sourceTree = "<group>"; };
		4E6C1EF61D75585900F55721 /* targetver.h */ = {isa = PBXFileReference; fileEncoding = 4; lastKnownFileType = sourcecode.c.h; name = targetver.h; path = ../../CAPSImg/targetver.h; sourceTree = "<group>"; };
		4E6C1F141D7558C200F55721 /* CommonTypes.h */ = {isa = PBXFileReference; fileEncoding = 4; lastKnownFileType = sourcecode.c.h; name = CommonTypes.h; path = ../../Core/CommonTypes.h; sourceTree = "<group>"; };
		4E6C1F151D7558C200F55721 /* DiskFile.cpp */ = {isa = PBXFileReference; fileEncoding = 4; lastKnownFileType = sourcecode.cpp.cpp; name = DiskFile.cpp; path = ../../Core/DiskFile.cpp; sourceTree = "<group>"; };
		4E6C1F161D7558C200F55721 /* BitBuffer.cpp */ = {isa = PBXFileReference; fileEncoding = 4; lastKnownFileType = sourcecode.cpp.cpp; name = BitBuffer.cpp; path = ../../Core/BitBuffer.cpp; sourceTree = "<group>"; };
		4E6C1F171D7558C200F55721 /* MemoryFile.cpp */ = {isa = PBXFileReference; fileEncoding = 4; lastKnownFileType = sourcecode.cpp.cpp; name = MemoryFile.cpp; path = ../../Core/MemoryFile.cpp; sourceTree = "<group>"; };
		4E6C1F181D7558C200F55721 /* BitBuffer.h */ = {isa = PBXFileReference; fileEncoding = 4; lastKnownFileType = sourcecode.c.h; name = BitBuffer.h; path = ../../Core/BitBuffer.h; sourceTree = "<group>"; };
		4E6C1F191D7558C200F55721 /* DiskFile.h */ = {isa = PBXFileReference; fileEncoding = 4; lastKnownFileType = sourcecode.c.h; name = DiskFile.h; path = ../../Core/DiskFile.h; sourceTree = "<group>"; };
		4E6C1F1A1D7558C200F55721 /* MemoryFile.h */ = {isa = PBXFileReference; fileEncoding = 4; lastKnownFileType = sourcecode.c.h; name = MemoryFile.h; path = ../../Core/MemoryFile.h; sourceTree = "<group>"; };
		4E6C1F1B1D7558C200F55721 /* BaseFile.h */ = {isa = PBXFileReference; fileEncoding = 4; lastKnownFileType = sourcecode.c.h; name = BaseFile.h; path = ../../Core/BaseFile.h; sourceTree = "<group>"; };
		4E6C1F1C1D7558C200F55721 /* BaseFile.cpp */ = {isa = PBXFileReference; fileEncoding = 4; lastKnownFileType = sourcecode.cpp.cpp; name = BaseFile.cpp; path = ../../Core/BaseFile.cpp; sourceTree = "<group>"; };
		4E6C1F1D1D7558C200F55721 /* CRC.cpp */ = {isa = PBXFileReference; fileEncoding = 4; lastKnownFileType = sourcecode.cpp.cpp; name = CRC.cpp; path = ../../Core/CRC.cpp; sourceTree = "<group>"; };
		4E6C1F1E1D7558C200F55721 /* CRC.h */ = {isa = PBXFileReference; fileEncoding = 4; lastKnownFileType = sourcecode.c.h; name = CRC.h; path = ../../Core/CRC.h; sourceTree = "<group>"; };
		4E6C1F2A1D7558D900F55721 /* CTRawCodecDecompressor.cpp */ = {isa = PBXFileReference; fileEncoding = 4; lastKnownFileType = sourcecode.cpp.cpp; name = CTRawCodecDecompressor.cpp; path = ../../Codec/CTRawCodecDecompressor.cpp; sourceTree = "<group>"; };
		4E6C1F2B1D7558D900F55721 /* CTRawCodec.cpp */ = {isa = PBXFileReference; fileEncoding = 4; lastKnownFileType = sourcecode.cpp.cpp; name = CTRawCodec.cpp; path = ../../Codec/CTRawCodec.cpp; sourceTree = "<group>"; };
		4E6C1F2C1D7558D900F55721 /* CTRawCodec.h */ = {isa = PBXFileReference; fileEncoding = 4; lastKnownFileType = sourcecode.c.h; name = CTRawCodec.h; path = ../../Codec/CTRawCodec.h; sourceTree = "<group>"; };
		4E6C1F2D1D7558D900F55721 /* CapsDefinitions.h */ = {isa = PBXFileReference; fileEncoding = 4; lastKnownFileType = sourcecode.c.h; name = CapsDefinitions.h; path = ../../Codec/CapsDefinitions.h; sourceTree = "<group>"; };
		4E6C1F2E1D7558D900F55721 /* DiskEncoding.h */ = {isa = PBXFileReference; fileEncoding = 4; lastKnownFileType = sourcecode.c.h; name = DiskEncoding.h; path = ../../Codec/DiskEncoding.h; sourceTree = "<group>"; };
		4E6C1F2F1D7558D900F55721 /* DiskEncoding.cpp */ = {isa = PBXFileReference; fileEncoding = 4; lastKnownFileType = sourcecode.cpp.cpp; name = DiskEncoding.cpp; path = ../../Codec/DiskEncoding.cpp; sourceTree = "<group>"; };
		4E6C1F361D7558E700F55721 /* ComLib.h */ = {isa = PBXFileReference; fileEncoding = 4; lastKnownFileType = sourcecode.c.h; name = ComLib.h; path = ../../LibIPF/ComLib.h; sourceTree = "<group>"; };
		4E6C1F371D7558E700F55721 /* CapsLib.h */ = {isa = PBXFileReference; fileEncoding = 4; lastKnownFileType = sourcecode.c.h; name = CapsLib.h; path = ../../LibIPF/CapsLib.h; sourceTree = "<group>"; };
		4E6C1F381D7558E700F55721 /* CapsFDC.h */ = {isa = PBXFileReference; fileEncoding = 4; lastKnownFileType = sourcecode.c.h; name = CapsFDC.h; path = ../../LibIPF/CapsFDC.h; sourceTree = "<group>"; };
		4E6C1F391D7558E700F55721 /* CapsLibAll.h */ = {isa = PBXFileReference; fileEncoding = 4; lastKnownFileType = sourcecode.c.h; name = CapsLibAll.h; path = ../../LibIPF/CapsLibAll.h; sourceTree = "<group>"; };
		4E6C1F3A1D7558E700F55721 /* CapsLibVersion.h */ = {isa = PBXFileReference; fileEncoding = 4; lastKnownFileType = sourcecode.c.h; name = CapsLibVersion.h; path = ../../LibIPF/CapsLibVersion.h; sourceTree = "<group>"; };
		4E6C1F3B1D7558E700F55721 /* CapsAPI.h */ = {isa = PBXFileReference; fileEncoding = 4; lastKnownFileType = sourcecode.c.h; name = CapsAPI.h; path = ../../LibIPF/CapsAPI.h; sourceTree = "<group>"; };
		4E6C1F3C1D7558E700F55721 /* CapsForm.h */ = {isa = PBXFileReference; fileEncoding = 4; lastKnownFileType = sourcecode.c.h; name = CapsForm.h; path = ../../LibIPF/CapsForm.h; sourceTree = "<group>"; };
		4E6C1F441D75591800F55721 /* C2Comm.h */ = {isa = PBXFileReference; fileEncoding = 4; lastKnownFileType = sourcecode.c.h; name = C2Comm.h; path = ../../Device/C2Comm.h; sourceTree = "<group>"; };
/* End PBXFileReference section */

/* Begin PBXFrameworksBuildPhase section */
		4E6C1ECB1D75581500F55721 /* Frameworks */ = {
			isa = PBXFrameworksBuildPhase;
			buildActionMask = 2147483647;
			files = (
			);
			runOnlyForDeploymentPostprocessing = 0;
		};
/* End PBXFrameworksBuildPhase section */

/* Begin PBXGroup section */
		4E6C1EC51D75581500F55721 = {
			isa = PBXGroup;
			children = (
				4E6C1ED11D75581500F55721 /* CAPSImage */,
				4E6C1ED01D75581500F55721 /* Products */,
			);
			sourceTree = "<group>";
		};
		4E6C1ED01D75581500F55721 /* Products */ = {
			isa = PBXGroup;
			children = (
				4E6C1ECF1D75581500F55721 /* CAPSImage.framework */,
			);
			name = Products;
			sourceTree = "<group>";
		};
		4E6C1ED11D75581500F55721 /* CAPSImage */ = {
			isa = PBXGroup;
			children = (
				4E6C1F4F1D75F7A400F55721 /* Headers */,
				4E6C1F2A1D7558D900F55721 /* CTRawCodecDecompressor.cpp */,
				4E6C1F2B1D7558D900F55721 /* CTRawCodec.cpp */,
				4E6C1F2F1D7558D900F55721 /* DiskEncoding.cpp */,
				4E6C1F151D7558C200F55721 /* DiskFile.cpp */,
				4E6C1F161D7558C200F55721 /* BitBuffer.cpp */,
				4E6C1F171D7558C200F55721 /* MemoryFile.cpp */,
				4E6C1F181D7558C200F55721 /* BitBuffer.h */,
				4E6C1F191D7558C200F55721 /* DiskFile.h */,
				4E6C1F1A1D7558C200F55721 /* MemoryFile.h */,
				4E6C1F1B1D7558C200F55721 /* BaseFile.h */,
				4E6C1F1C1D7558C200F55721 /* BaseFile.cpp */,
				4E6C1F1D1D7558C200F55721 /* CRC.cpp */,
				4E6C1F1E1D7558C200F55721 /* CRC.h */,
				4E6C1EDA1D75585900F55721 /* config.h */,
				4E6C1EDB1D75585900F55721 /* CapsFDCEmulator.cpp */,
				4E6C1EDC1D75585900F55721 /* stdafx.h */,
				4E6C1EDD1D75585900F55721 /* stdafx.cpp */,
				4E6C1EDE1D75585900F55721 /* CapsImageStd.cpp */,
				4E6C1EDF1D75585900F55721 /* CapsImageStd.h */,
				4E6C1EE01D75585900F55721 /* CapsAPI.cpp */,
				4E6C1EE11D75585900F55721 /* CapsImage.cpp */,
				4E6C1EE21D75585900F55721 /* CapsImage.h */,
				4E6C1EE31D75585900F55721 /* DiskImageFactory.h */,
				4E6C1EE41D75585900F55721 /* DiskImage.h */,
				4E6C1EE51D75585900F55721 /* CapsCore.h */,
				4E6C1EE61D75585900F55721 /* StreamCueImage.cpp */,
				4E6C1EE71D75585900F55721 /* DiskImageFactory.cpp */,
				4E6C1EE81D75585900F55721 /* StreamCueImage.h */,
				4E6C1EE91D75585900F55721 /* StreamImage.h */,
				4E6C1EEA1D75585900F55721 /* StreamImage.cpp */,
				4E6C1EEB1D75585900F55721 /* DiskImage.cpp */,
				4E6C1EEC1D75585900F55721 /* CapsFile.cpp */,
				4E6C1EED1D75585900F55721 /* CapsLoader.h */,
				4E6C1EEE1D75585900F55721 /* CapsFile.h */,
				4E6C1EEF1D75585900F55721 /* resource.h */,
				4E6C1EF11D75585900F55721 /* CapsLoader.cpp */,
				4E6C1EF21D75585900F55721 /* CapsFormatMFM.cpp */,
				4E6C1EF31D75585900F55721 /* CapsFormatMFM.h */,
				4E6C1EF41D75585900F55721 /* CapsFDCEmulator.h */,
				4E6C1EF51D75585900F55721 /* CAPSImg.cpp */,
				4E6C1EF61D75585900F55721 /* targetver.h */,
				4E6C1ED41D75581500F55721 /* Info.plist */,
			);
			path = CAPSImage;
			sourceTree = "<group>";
		};
		4E6C1F4F1D75F7A400F55721 /* Headers */ = {
			isa = PBXGroup;
			children = (
				4E6C1F141D7558C200F55721 /* CommonTypes.h */,
				4E6C1F2C1D7558D900F55721 /* CTRawCodec.h */,
				4E6C1F2D1D7558D900F55721 /* CapsDefinitions.h */,
				4E6C1F2E1D7558D900F55721 /* DiskEncoding.h */,
				4E6C1F441D75591800F55721 /* C2Comm.h */,
				4E6C1F361D7558E700F55721 /* ComLib.h */,
				4E6C1F371D7558E700F55721 /* CapsLib.h */,
				4E6C1F381D7558E700F55721 /* CapsFDC.h */,
				4E6C1F391D7558E700F55721 /* CapsLibAll.h */,
				4E6C1F3A1D7558E700F55721 /* CapsLibVersion.h */,
				4E6C1F3B1D7558E700F55721 /* CapsAPI.h */,
				4E6C1F3C1D7558E700F55721 /* CapsForm.h */,
			);
			name = Headers;
			sourceTree = "<group>";
		};
/* End PBXGroup section */

/* Begin PBXHeadersBuildPhase section */
		4E6C1ECC1D75581500F55721 /* Headers */ = {
			isa = PBXHeadersBuildPhase;
			buildActionMask = 2147483647;
			files = (
				4E6C1F421D7558E700F55721 /* CapsAPI.h in Headers */,
				4E6C1F3F1D7558E700F55721 /* CapsFDC.h in Headers */,
				4E6C1F431D7558E700F55721 /* CapsForm.h in Headers */,
				4E6C1F3E1D7558E700F55721 /* CapsLib.h in Headers */,
				4E6C1F401D7558E700F55721 /* CapsLibAll.h in Headers */,
				4E6C1F411D7558E700F55721 /* CapsLibVersion.h in Headers */,
				4E6C1F3D1D7558E700F55721 /* ComLib.h in Headers */,
				4E6C1F1F1D7558C200F55721 /* CommonTypes.h in Headers */,
				4E6C1F111D75585900F55721 /* CapsFDCEmulator.h in Headers */,
				4E6C1F241D7558C200F55721 /* DiskFile.h in Headers */,
				4E6C1F291D7558C200F55721 /* CRC.h in Headers */,
				4E6C1F021D75585900F55721 /* CapsCore.h in Headers */,
				4E6C1EF91D75585900F55721 /* stdafx.h in Headers */,
				4E6C1F341D7558D900F55721 /* DiskEncoding.h in Headers */,
				4E6C1F331D7558D900F55721 /* CapsDefinitions.h in Headers */,
				4E6C1EFC1D75585900F55721 /* CapsImageStd.h in Headers */,
				4E6C1F051D75585900F55721 /* StreamCueImage.h in Headers */,
				4E6C1F261D7558C200F55721 /* BaseFile.h in Headers */,
				4E6C1F131D75585900F55721 /* targetver.h in Headers */,
				4E6C1F251D7558C200F55721 /* MemoryFile.h in Headers */,
				4E6C1F321D7558D900F55721 /* CTRawCodec.h in Headers */,
				4E6C1F011D75585900F55721 /* DiskImage.h in Headers */,
				4E6C1F001D75585900F55721 /* DiskImageFactory.h in Headers */,
				4E6C1F061D75585900F55721 /* StreamImage.h in Headers */,
				4E6C1F101D75585900F55721 /* CapsFormatMFM.h in Headers */,
				4E6C1F0C1D75585900F55721 /* resource.h in Headers */,
				4E6C1F231D7558C200F55721 /* BitBuffer.h in Headers */,
				4E6C1EFF1D75585900F55721 /* CapsImage.h in Headers */,
				4E6C1F0A1D75585900F55721 /* CapsLoader.h in Headers */,
				4E6C1EF71D75585900F55721 /* config.h in Headers */,
				4E6C1F0B1D75585900F55721 /* CapsFile.h in Headers */,
				4E6C1F451D75591800F55721 /* C2Comm.h in Headers */,
			);
			runOnlyForDeploymentPostprocessing = 0;
		};
/* End PBXHeadersBuildPhase section */

/* Begin PBXNativeTarget section */
		4E6C1ECE1D75581500F55721 /* CAPSImage */ = {
			isa = PBXNativeTarget;
			buildConfigurationList = 4E6C1ED71D75581500F55721 /* Build configuration list for PBXNativeTarget "CAPSImage" */;
			buildPhases = (
				4E6C1ECA1D75581500F55721 /* Sources */,
				4E6C1ECB1D75581500F55721 /* Frameworks */,
				4E6C1ECC1D75581500F55721 /* Headers */,
				4E6C1ECD1D75581500F55721 /* Resources */,
			);
			buildRules = (
			);
			dependencies = (
			);
			name = CAPSImage;
			productName = CAPSImage;
			productReference = 4E6C1ECF1D75581500F55721 /* CAPSImage.framework */;
			productType = "com.apple.product-type.framework";
		};
/* End PBXNativeTarget section */

/* Begin PBXProject section */
		4E6C1EC61D75581500F55721 /* Project object */ = {
			isa = PBXProject;
			attributes = {
				LastUpgradeCheck = 0730;
				ORGANIZATIONNAME = "Jerome Vernet";
				TargetAttributes = {
					4E6C1ECE1D75581500F55721 = {
						CreatedOnToolsVersion = 7.3.1;
					};
				};
			};
			buildConfigurationList = 4E6C1EC91D75581500F55721 /* Build configuration list for PBXProject "CAPSImage" */;
			compatibilityVersion = "Xcode 3.2";
			developmentRegion = English;
			hasScannedForEncodings = 0;
			knownRegions = (
				en,
			);
			mainGroup = 4E6C1EC51D75581500F55721;
			productRefGroup = 4E6C1ED01D75581500F55721 /* Products */;
			projectDirPath = "";
			projectRoot = "";
			targets = (
				4E6C1ECE1D75581500F55721 /* CAPSImage */,
			);
		};
/* End PBXProject section */

/* Begin PBXResourcesBuildPhase section */
		4E6C1ECD1D75581500F55721 /* Resources */ = {
			isa = PBXResourcesBuildPhase;
			buildActionMask = 2147483647;
			files = (
			);
			runOnlyForDeploymentPostprocessing = 0;
		};
/* End PBXResourcesBuildPhase section */

/* Begin PBXSourcesBuildPhase section */
		4E6C1ECA1D75581500F55721 /* Sources */ = {
			isa = PBXSourcesBuildPhase;
			buildActionMask = 2147483647;
			files = (
				4E6C1F041D75585900F55721 /* DiskImageFactory.cpp in Sources */,
				4E6C1EF81D75585900F55721 /* CapsFDCEmulator.cpp in Sources */,
				4E6C1F201D7558C200F55721 /* DiskFile.cpp in Sources */,
				4E6C1F0F1D75585900F55721 /* CapsFormatMFM.cpp in Sources */,
				4E6C1EFD1D75585900F55721 /* CapsAPI.cpp in Sources */,
				4E6C1F121D75585900F55721 /* CAPSImg.cpp in Sources */,
				4E6C1F271D7558C200F55721 /* BaseFile.cpp in Sources */,
				4E6C1EFE1D75585900F55721 /* CapsImage.cpp in Sources */,
				4E6C1F211D7558C200F55721 /* BitBuffer.cpp in Sources */,
				4E6C1F091D75585900F55721 /* CapsFile.cpp in Sources */,
				4E6C1F311D7558D900F55721 /* CTRawCodec.cpp in Sources */,
				4E6C1EFB1D75585900F55721 /* CapsImageStd.cpp in Sources */,
				4E6C1F221D7558C200F55721 /* MemoryFile.cpp in Sources */,
				4E6C1F301D7558D900F55721 /* CTRawCodecDecompressor.cpp in Sources */,
				4E6C1F281D7558C200F55721 /* CRC.cpp in Sources */,
				4E6C1EFA1D75585900F55721 /* stdafx.cpp in Sources */,
				4E6C1F081D75585900F55721 /* DiskImage.cpp in Sources */,
				4E6C1F351D7558D900F55721 /* DiskEncoding.cpp in Sources */,
				4E6C1F0E1D75585900F55721 /* CapsLoader.cpp in Sources */,
				4E6C1F031D75585900F55721 /* StreamCueImage.cpp in Sources */,
				4E6C1F071D75585900F55721 /* StreamImage.cpp in Sources */,
			);
			runOnlyForDeploymentPostprocessing = 0;
		};
/* End PBXSourcesBuildPhase section */

/* Begin XCBuildConfiguration section */
		4E6C1ED51D75581500F55721 /* Debug */ = {
			isa = XCBuildConfiguration;
			buildSettings = {
				ALWAYS_SEARCH_USER_PATHS = NO;
				CLANG_ANALYZER_NONNULL = YES;
				CLANG_CXX_LANGUAGE_STANDARD = "gnu++0x";
				CLANG_CXX_LIBRARY = "libstdc++";
				CLANG_ENABLE_MODULES = YES;
				CLANG_ENABLE_OBJC_ARC = YES;
				CLANG_WARN_BOOL_CONVERSION = YES;
				CLANG_WARN_CONSTANT_CONVERSION = YES;
				CLANG_WARN_DIRECT_OBJC_ISA_USAGE = YES_ERROR;
				CLANG_WARN_EMPTY_BODY = YES;
				CLANG_WARN_ENUM_CONVERSION = YES;
				CLANG_WARN_INT_CONVERSION = YES;
				CLANG_WARN_OBJC_ROOT_CLASS = YES_ERROR;
				CLANG_WARN_UNREACHABLE_CODE = YES;
				CLANG_WARN__DUPLICATE_METHOD_MATCH = YES;
				CODE_SIGN_IDENTITY = "-";
				COPY_PHASE_STRIP = NO;
				CURRENT_PROJECT_VERSION = 1;
				DEBUG_INFORMATION_FORMAT = dwarf;
				ENABLE_STRICT_OBJC_MSGSEND = YES;
				ENABLE_TESTABILITY = YES;
				GCC_C_LANGUAGE_STANDARD = gnu99;
				GCC_DYNAMIC_NO_PIC = NO;
				GCC_NO_COMMON_BLOCKS = YES;
				GCC_OPTIMIZATION_LEVEL = 0;
				GCC_PREPROCESSOR_DEFINITIONS = (
					"DEBUG=1",
					"$(inherited)",
				);
				GCC_WARN_64_TO_32_BIT_CONVERSION = YES;
				GCC_WARN_ABOUT_RETURN_TYPE = YES_ERROR;
				GCC_WARN_UNDECLARED_SELECTOR = YES;
				GCC_WARN_UNINITIALIZED_AUTOS = YES_AGGRESSIVE;
				GCC_WARN_UNUSED_FUNCTION = YES;
				GCC_WARN_UNUSED_VARIABLE = YES;
				MACOSX_DEPLOYMENT_TARGET = 10.11;
				MTL_ENABLE_DEBUG_INFO = YES;
				ONLY_ACTIVE_ARCH = YES;
				SDKROOT = macosx;
				VERSIONING_SYSTEM = "apple-generic";
				VERSION_INFO_PREFIX = "";
			};
			name = Debug;
		};
		4E6C1ED61D75581500F55721 /* Release */ = {
			isa = XCBuildConfiguration;
			buildSettings = {
				ALWAYS_SEARCH_USER_PATHS = NO;
				CLANG_ANALYZER_NONNULL = YES;
				CLANG_CXX_LANGUAGE_STANDARD = "gnu++0x";
				CLANG_CXX_LIBRARY = "libstdc++";
				CLANG_ENABLE_MODULES = YES;
				CLANG_ENABLE_OBJC_ARC = YES;
				CLANG_WARN_BOOL_CONVERSION = YES;
				CLANG_WARN_CONSTANT_CONVERSION = YES;
				CLANG_WARN_DIRECT_OBJC_ISA_USAGE = YES_ERROR;
				CLANG_WARN_EMPTY_BODY = YES;
				CLANG_WARN_ENUM_CONVERSION = YES;
				CLANG_WARN_INT_CONVERSION = YES;
				CLANG_WARN_OBJC_ROOT_CLASS = YES_ERROR;
				CLANG_WARN_UNREACHABLE_CODE = YES;
				CLANG_WARN__DUPLICATE_METHOD_MATCH = YES;
				CODE_SIGN_IDENTITY = "-";
				COPY_PHASE_STRIP = NO;
				CURRENT_PROJECT_VERSION = 1;
				DEBUG_INFORMATION_FORMAT = "dwarf-with-dsym";
				ENABLE_NS_ASSERTIONS = NO;
				ENABLE_STRICT_OBJC_MSGSEND = YES;
				GCC_C_LANGUAGE_STANDARD = gnu99;
				GCC_NO_COMMON_BLOCKS = YES;
				GCC_WARN_64_TO_32_BIT_CONVERSION = YES;
				GCC_WARN_ABOUT_RETURN_TYPE = YES_ERROR;
				GCC_WARN_UNDECLARED_SELECTOR = YES;
				GCC_WARN_UNINITIALIZED_AUTOS = YES_AGGRESSIVE;
				GCC_WARN_UNUSED_FUNCTION = YES;
				GCC_WARN_UNUSED_VARIABLE = YES;
				MACOSX_DEPLOYMENT_TARGET = 10.11;
				MTL_ENABLE_DEBUG_INFO = NO;
				SDKROOT = macosx;
				VERSIONING_SYSTEM = "apple-generic";
				VERSION_INFO_PREFIX = "";
			};
			name = Release;
		};
		4E6C1ED81D75581500F55721 /* Debug */ = {
			isa = XCBuildConfiguration;
			buildSettings = {
				ARCHS = "$(ARCHS_STANDARD_32_64_BIT)";
				CLANG_CXX_LIBRARY = "libstdc++";
				CODE_SIGN_IDENTITY = "Mac Developer: vernet.jerome@wanadoo.fr (XRVUR82QJP)";
				COMBINE_HIDPI_IMAGES = YES;
				DEFINES_MODULE = YES;
				DYLIB_COMPATIBILITY_VERSION = 5;
				DYLIB_CURRENT_VERSION = 5;
				DYLIB_INSTALL_NAME_BASE = "@rpath";
				FRAMEWORK_VERSION = A;
				GCC_C_LANGUAGE_STANDARD = c11;
				INFOPLIST_FILE = CAPSImage/Info.plist;
				INSTALL_PATH = "$(LOCAL_LIBRARY_DIR)/Frameworks";
				LD_RUNPATH_SEARCH_PATHS = "$(inherited) @executable_path/../Frameworks @loader_path/Frameworks";
				MACOSX_DEPLOYMENT_TARGET = 10.7;
				PRODUCT_BUNDLE_IDENTIFIER = bxo.CAPSImage;
				PRODUCT_NAME = "$(TARGET_NAME)";
				SKIP_INSTALL = YES;
			};
			name = Debug;
		};
		4E6C1ED91D75581500F55721 /* Release */ = {
			isa = XCBuildConfiguration;
			buildSettings = {
				ARCHS = "$(ARCHS_STANDARD_32_64_BIT)";
				CLANG_CXX_LIBRARY = "libstdc++";
				CODE_SIGN_IDENTITY = "Mac Developer: vernet.jerome@wanadoo.fr (XRVUR82QJP)";
				COMBINE_HIDPI_IMAGES = YES;
				DEFINES_MODULE = YES;
				DYLIB_COMPATIBILITY_VERSION = 5;
				DYLIB_CURRENT_VERSION = 5;
				DYLIB_INSTALL_NAME_BASE = "@rpath";
				FRAMEWORK_VERSION = A;
				GCC_C_LANGUAGE_STANDARD = c11;
				INFOPLIST_FILE = CAPSImage/Info.plist;
				INSTALL_PATH = "$(LOCAL_LIBRARY_DIR)/Frameworks";
				LD_RUNPATH_SEARCH_PATHS = "$(inherited) @executable_path/../Frameworks @loader_path/Frameworks";
				MACOSX_DEPLOYMENT_TARGET = 10.7;
				PRODUCT_BUNDLE_IDENTIFIER = bxo.CAPSImage;
				PRODUCT_NAME = "$(TARGET_NAME)";
				SKIP_INSTALL = YES;
			};
			name = Release;
		};
/* End XCBuildConfiguration section */

/* Begin XCConfigurationList section */
		4E6C1EC91D75581500F55721 /* Build configuration list for PBXProject "CAPSImage" */ = {
			isa = XCConfigurationList;
			buildConfigurations = (
				4E6C1ED51D75581500F55721 /* Debug */,
				4E6C1ED61D75581500F55721 /* Release */,
			);
			defaultConfigurationIsVisible = 0;
			defaultConfigurationName = Release;
		};
		4E6C1ED71D75581500F55721 /* Build configuration list for PBXNativeTarget "CAPSImage" */ = {
			isa = XCConfigurationList;
			buildConfigurations = (
				4E6C1ED81D75581500F55721 /* Debug */,
				4E6C1ED91D75581500F55721 /* Release */,
			);
			defaultConfigurationIsVisible = 0;
			defaultConfigurationName = Release;
		};
/* End XCConfigurationList section */
	};
	rootObject = 4E6C1EC61D75581500F55721 /* Project object */;
}
